
Microsoft Visual Studio Solution File, Format Version 12.00
# Visual Studio Version 17
VisualStudioVersion = 17.0.32014.148
MinimumVisualStudioVersion = 10.0.40219.1
Project("{FAE04EC0-301F-11D3-BF4B-00C04F79EFBC}") = "HumanEntity", "HumanEntity.csproj", "{17A791F9-6EE9-42F1-AD9D-49D1CEBE475B}"
EndProject
Global
	GlobalSection(SolutionConfigurationPlatforms) = preSolution
		Debug|Any CPU = Debug|Any CPU
		Release|Any CPU = Release|Any CPU
	EndGlobalSection
	GlobalSection(ProjectConfigurationPlatforms) = postSolution
		{17A791F9-6EE9-42F1-AD9D-49D1CEBE475B}.Debug|Any CPU.ActiveCfg = Debug|Any CPU
		{17A791F9-6EE9-42F1-AD9D-49D1CEBE475B}.Debug|Any CPU.Build.0 = Debug|Any CPU
		{17A791F9-6EE9-42F1-AD9D-49D1CEBE475B}.Release|Any CPU.ActiveCfg = Release|Any CPU
		{17A791F9-6EE9-42F1-AD9D-49D1CEBE475B}.Release|Any CPU.Build.0 = Release|Any CPU
	EndGlobalSection
	GlobalSection(SolutionProperties) = preSolution
		HideSolutionNode = FALSE
	EndGlobalSection
	GlobalSection(ExtensibilityGlobals) = postSolution
		SolutionGuid = {AF87C3A6-4AAF-4012-A806-024D82552853}
	EndGlobalSection
EndGlobal
